// !$*UTF8*$!
{
	archiveVersion = 1;
	classes = {
	};
	objectVersion = 50;
	objects = {

/* Begin PBXBuildFile section */
		3276BD7225DAC106007C4457 /* rewApp.swift in Sources */ = {isa = PBXBuildFile; fileRef = 3276BD7125DAC106007C4457 /* rewApp.swift */; };
		3276BD7425DAC106007C4457 /* ContentView.swift in Sources */ = {isa = PBXBuildFile; fileRef = 3276BD7325DAC106007C4457 /* ContentView.swift */; };
		3276BD7625DAC108007C4457 /* Assets.xcassets in Resources */ = {isa = PBXBuildFile; fileRef = 3276BD7525DAC108007C4457 /* Assets.xcassets */; };
		3276BD7925DAC108007C4457 /* Preview Assets.xcassets in Resources */ = {isa = PBXBuildFile; fileRef = 3276BD7825DAC108007C4457 /* Preview Assets.xcassets */; };
		3276BD8425DAC109007C4457 /* rewTests.swift in Sources */ = {isa = PBXBuildFile; fileRef = 3276BD8325DAC109007C4457 /* rewTests.swift */; };
		3276BD8F25DAC109007C4457 /* rewUITests.swift in Sources */ = {isa = PBXBuildFile; fileRef = 3276BD8E25DAC109007C4457 /* rewUITests.swift */; };
/* End PBXBuildFile section */

/* Begin PBXContainerItemProxy section */
		3276BD8025DAC109007C4457 /* PBXContainerItemProxy */ = {
			isa = PBXContainerItemProxy;
			containerPortal = 3276BD6625DAC106007C4457 /* Project object */;
			proxyType = 1;
			remoteGlobalIDString = 3276BD6D25DAC106007C4457;
			remoteInfo = rew;
		};
		3276BD8B25DAC109007C4457 /* PBXContainerItemProxy */ = {
			isa = PBXContainerItemProxy;
			containerPortal = 3276BD6625DAC106007C4457 /* Project object */;
			proxyType = 1;
			remoteGlobalIDString = 3276BD6D25DAC106007C4457;
			remoteInfo = rew;
		};
/* End PBXContainerItemProxy section */

/* Begin PBXFileReference section */
		3276BD6E25DAC106007C4457 /* rew.app */ = {isa = PBXFileReference; explicitFileType = wrapper.application; includeInIndex = 0; path = rew.app; sourceTree = BUILT_PRODUCTS_DIR; };
		3276BD7125DAC106007C4457 /* rewApp.swift */ = {isa = PBXFileReference; lastKnownFileType = sourcecode.swift; path = rewApp.swift; sourceTree = "<group>"; };
		3276BD7325DAC106007C4457 /* ContentView.swift */ = {isa = PBXFileReference; lastKnownFileType = sourcecode.swift; path = ContentView.swift; sourceTree = "<group>"; };
		3276BD7525DAC108007C4457 /* Assets.xcassets */ = {isa = PBXFileReference; lastKnownFileType = folder.assetcatalog; path = Assets.xcassets; sourceTree = "<group>"; };
		3276BD7825DAC108007C4457 /* Preview Assets.xcassets */ = {isa = PBXFileReference; lastKnownFileType = folder.assetcatalog; path = "Preview Assets.xcassets"; sourceTree = "<group>"; };
		3276BD7A25DAC108007C4457 /* Info.plist */ = {isa = PBXFileReference; lastKnownFileType = text.plist.xml; path = Info.plist; sourceTree = "<group>"; };
		3276BD7F25DAC109007C4457 /* rewTests.xctest */ = {isa = PBXFileReference; explicitFileType = wrapper.cfbundle; includeInIndex = 0; path = rewTests.xctest; sourceTree = BUILT_PRODUCTS_DIR; };
		3276BD8325DAC109007C4457 /* rewTests.swift */ = {isa = PBXFileReference; lastKnownFileType = sourcecode.swift; path = rewTests.swift; sourceTree = "<group>"; };
		3276BD8525DAC109007C4457 /* Info.plist */ = {isa = PBXFileReference; lastKnownFileType = text.plist.xml; path = Info.plist; sourceTree = "<group>"; };
		3276BD8A25DAC109007C4457 /* rewUITests.xctest */ = {isa = PBXFileReference; explicitFileType = wrapper.cfbundle; includeInIndex = 0; path = rewUITests.xctest; sourceTree = BUILT_PRODUCTS_DIR; };
		3276BD8E25DAC109007C4457 /* rewUITests.swift */ = {isa = PBXFileReference; lastKnownFileType = sourcecode.swift; path = rewUITests.swift; sourceTree = "<group>"; };
		3276BD9025DAC109007C4457 /* Info.plist */ = {isa = PBXFileReference; lastKnownFileType = text.plist.xml; path = Info.plist; sourceTree = "<group>"; };
/* End PBXFileReference section */

/* Begin PBXFrameworksBuildPhase section */
		3276BD6B25DAC106007C4457 /* Frameworks */ = {
			isa = PBXFrameworksBuildPhase;
			buildActionMask = 2147483647;
			files = (
			);
			runOnlyForDeploymentPostprocessing = 0;
		};
		3276BD7C25DAC109007C4457 /* Frameworks */ = {
			isa = PBXFrameworksBuildPhase;
			buildActionMask = 2147483647;
			files = (
			);
			runOnlyForDeploymentPostprocessing = 0;
		};
		3276BD8725DAC109007C4457 /* Frameworks */ = {
			isa = PBXFrameworksBuildPhase;
			buildActionMask = 2147483647;
			files = (
			);
			runOnlyForDeploymentPostprocessing = 0;
		};
/* End PBXFrameworksBuildPhase section */

/* Begin PBXGroup section */
		3276BD6525DAC106007C4457 = {
			isa = PBXGroup;
			children = (
				3276BD7025DAC106007C4457 /* rew */,
				3276BD8225DAC109007C4457 /* rewTests */,
				3276BD8D25DAC109007C4457 /* rewUITests */,
				3276BD6F25DAC106007C4457 /* Products */,
			);
			sourceTree = "<group>";
		};
		3276BD6F25DAC106007C4457 /* Products */ = {
			isa = PBXGroup;
			children = (
				3276BD6E25DAC106007C4457 /* rew.app */,
				3276BD7F25DAC109007C4457 /* rewTests.xctest */,
				3276BD8A25DAC109007C4457 /* rewUITests.xctest */,
			);
			name = Products;
			sourceTree = "<group>";
		};
		3276BD7025DAC106007C4457 /* rew */ = {
			isa = PBXGroup;
			children = (
				3276BD7125DAC106007C4457 /* rewApp.swift */,
				3276BD7325DAC106007C4457 /* ContentView.swift */,
				3276BD7525DAC108007C4457 /* Assets.xcassets */,
				3276BD7A25DAC108007C4457 /* Info.plist */,
				3276BD7725DAC108007C4457 /* Preview Content */,
			);
			path = rew;
			sourceTree = "<group>";
		};
		3276BD7725DAC108007C4457 /* Preview Content */ = {
			isa = PBXGroup;
			children = (
				3276BD7825DAC108007C4457 /* Preview Assets.xcassets */,
			);
			path = "Preview Content";
			sourceTree = "<group>";
		};
		3276BD8225DAC109007C4457 /* rewTests */ = {
			isa = PBXGroup;
			children = (
				3276BD8325DAC109007C4457 /* rewTests.swift */,
				3276BD8525DAC109007C4457 /* Info.plist */,
			);
			path = rewTests;
			sourceTree = "<group>";
		};
		3276BD8D25DAC109007C4457 /* rewUITests */ = {
			isa = PBXGroup;
			children = (
				3276BD8E25DAC109007C4457 /* rewUITests.swift */,
				3276BD9025DAC109007C4457 /* Info.plist */,
			);
			path = rewUITests;
			sourceTree = "<group>";
		};
/* End PBXGroup section */

/* Begin PBXNativeTarget section */
		3276BD6D25DAC106007C4457 /* rew */ = {
			isa = PBXNativeTarget;
			buildConfigurationList = 3276BD9325DAC109007C4457 /* Build configuration list for PBXNativeTarget "rew" */;
			buildPhases = (
				3276BD6A25DAC106007C4457 /* Sources */,
				3276BD6B25DAC106007C4457 /* Frameworks */,
				3276BD6C25DAC106007C4457 /* Resources */,
			);
			buildRules = (
			);
			dependencies = (
			);
			name = rew;
			productName = rew;
			productReference = 3276BD6E25DAC106007C4457 /* rew.app */;
			productType = "com.apple.product-type.application";
		};
		3276BD7E25DAC109007C4457 /* rewTests */ = {
			isa = PBXNativeTarget;
			buildConfigurationList = 3276BD9625DAC109007C4457 /* Build configuration list for PBXNativeTarget "rewTests" */;
			buildPhases = (
				3276BD7B25DAC109007C4457 /* Sources */,
				3276BD7C25DAC109007C4457 /* Frameworks */,
				3276BD7D25DAC109007C4457 /* Resources */,
			);
			buildRules = (
			);
			dependencies = (
				3276BD8125DAC109007C4457 /* PBXTargetDependency */,
			);
			name = rewTests;
			productName = rewTests;
			productReference = 3276BD7F25DAC109007C4457 /* rewTests.xctest */;
			productType = "com.apple.product-type.bundle.unit-test";
		};
		3276BD8925DAC109007C4457 /* rewUITests */ = {
			isa = PBXNativeTarget;
			buildConfigurationList = 3276BD9925DAC109007C4457 /* Build configuration list for PBXNativeTarget "rewUITests" */;
			buildPhases = (
				3276BD8625DAC109007C4457 /* Sources */,
				3276BD8725DAC109007C4457 /* Frameworks */,
				3276BD8825DAC109007C4457 /* Resources */,
			);
			buildRules = (
			);
			dependencies = (
				3276BD8C25DAC109007C4457 /* PBXTargetDependency */,
			);
			name = rewUITests;
			productName = rewUITests;
			productReference = 3276BD8A25DAC109007C4457 /* rewUITests.xctest */;
			productType = "com.apple.product-type.bundle.ui-testing";
		};
/* End PBXNativeTarget section */

/* Begin PBXProject section */
		3276BD6625DAC106007C4457 /* Project object */ = {
			isa = PBXProject;
			attributes = {
				LastSwiftUpdateCheck = 1240;
				LastUpgradeCheck = 1240;
				TargetAttributes = {
					3276BD6D25DAC106007C4457 = {
						CreatedOnToolsVersion = 12.4;
					};
					3276BD7E25DAC109007C4457 = {
						CreatedOnToolsVersion = 12.4;
						TestTargetID = 3276BD6D25DAC106007C4457;
					};
					3276BD8925DAC109007C4457 = {
						CreatedOnToolsVersion = 12.4;
						TestTargetID = 3276BD6D25DAC106007C4457;
					};
				};
			};
			buildConfigurationList = 3276BD6925DAC106007C4457 /* Build configuration list for PBXProject "rew" */;
			compatibilityVersion = "Xcode 9.3";
			developmentRegion = en;
			hasScannedForEncodings = 0;
			knownRegions = (
				en,
				Base,
			);
			mainGroup = 3276BD6525DAC106007C4457;
			productRefGroup = 3276BD6F25DAC106007C4457 /* Products */;
			projectDirPath = "";
			projectRoot = "";
			targets = (
				3276BD6D25DAC106007C4457 /* rew */,
				3276BD7E25DAC109007C4457 /* rewTests */,
				3276BD8925DAC109007C4457 /* rewUITests */,
			);
		};
/* End PBXProject section */

/* Begin PBXResourcesBuildPhase section */
		3276BD6C25DAC106007C4457 /* Resources */ = {
			isa = PBXResourcesBuildPhase;
			buildActionMask = 2147483647;
			files = (
				3276BD7925DAC108007C4457 /* Preview Assets.xcassets in Resources */,
				3276BD7625DAC108007C4457 /* Assets.xcassets in Resources */,
			);
			runOnlyForDeploymentPostprocessing = 0;
		};
		3276BD7D25DAC109007C4457 /* Resources */ = {
			isa = PBXResourcesBuildPhase;
			buildActionMask = 2147483647;
			files = (
			);
			runOnlyForDeploymentPostprocessing = 0;
		};
		3276BD8825DAC109007C4457 /* Resources */ = {
			isa = PBXResourcesBuildPhase;
			buildActionMask = 2147483647;
			files = (
			);
			runOnlyForDeploymentPostprocessing = 0;
		};
/* End PBXResourcesBuildPhase section */

/* Begin PBXSourcesBuildPhase section */
		3276BD6A25DAC106007C4457 /* Sources */ = {
			isa = PBXSourcesBuildPhase;
			buildActionMask = 2147483647;
			files = (
				3276BD7425DAC106007C4457 /* ContentView.swift in Sources */,
				3276BD7225DAC106007C4457 /* rewApp.swift in Sources */,
			);
			runOnlyForDeploymentPostprocessing = 0;
		};
		3276BD7B25DAC109007C4457 /* Sources */ = {
			isa = PBXSourcesBuildPhase;
			buildActionMask = 2147483647;
			files = (
				3276BD8425DAC109007C4457 /* rewTests.swift in Sources */,
			);
			runOnlyForDeploymentPostprocessing = 0;
		};
		3276BD8625DAC109007C4457 /* Sources */ = {
			isa = PBXSourcesBuildPhase;
			buildActionMask = 2147483647;
			files = (
				3276BD8F25DAC109007C4457 /* rewUITests.swift in Sources */,
			);
			runOnlyForDeploymentPostprocessing = 0;
		};
/* End PBXSourcesBuildPhase section */

/* Begin PBXTargetDependency section */
		3276BD8125DAC109007C4457 /* PBXTargetDependency */ = {
			isa = PBXTargetDependency;
			target = 3276BD6D25DAC106007C4457 /* rew */;
			targetProxy = 3276BD8025DAC109007C4457 /* PBXContainerItemProxy */;
		};
		3276BD8C25DAC109007C4457 /* PBXTargetDependency */ = {
			isa = PBXTargetDependency;
			target = 3276BD6D25DAC106007C4457 /* rew */;
			targetProxy = 3276BD8B25DAC109007C4457 /* PBXContainerItemProxy */;
		};
/* End PBXTargetDependency section */

/* Begin XCBuildConfiguration section */
		3276BD9125DAC109007C4457 /* Debug */ = {
			isa = XCBuildConfiguration;
			buildSettings = {
				ALWAYS_SEARCH_USER_PATHS = NO;
				CLANG_ANALYZER_NONNULL = YES;
				CLANG_ANALYZER_NUMBER_OBJECT_CONVERSION = YES_AGGRESSIVE;
				CLANG_CXX_LANGUAGE_STANDARD = "gnu++14";
				CLANG_CXX_LIBRARY = "libc++";
				CLANG_ENABLE_MODULES = YES;
				CLANG_ENABLE_OBJC_ARC = YES;
				CLANG_ENABLE_OBJC_WEAK = YES;
				CLANG_WARN_BLOCK_CAPTURE_AUTORELEASING = YES;
				CLANG_WARN_BOOL_CONVERSION = YES;
				CLANG_WARN_COMMA = YES;
				CLANG_WARN_CONSTANT_CONVERSION = YES;
				CLANG_WARN_DEPRECATED_OBJC_IMPLEMENTATIONS = YES;
				CLANG_WARN_DIRECT_OBJC_ISA_USAGE = YES_ERROR;
				CLANG_WARN_DOCUMENTATION_COMMENTS = YES;
				CLANG_WARN_EMPTY_BODY = YES;
				CLANG_WARN_ENUM_CONVERSION = YES;
				CLANG_WARN_INFINITE_RECURSION = YES;
				CLANG_WARN_INT_CONVERSION = YES;
				CLANG_WARN_NON_LITERAL_NULL_CONVERSION = YES;
				CLANG_WARN_OBJC_IMPLICIT_RETAIN_SELF = YES;
				CLANG_WARN_OBJC_LITERAL_CONVERSION = YES;
				CLANG_WARN_OBJC_ROOT_CLASS = YES_ERROR;
				CLANG_WARN_QUOTED_INCLUDE_IN_FRAMEWORK_HEADER = YES;
				CLANG_WARN_RANGE_LOOP_ANALYSIS = YES;
				CLANG_WARN_STRICT_PROTOTYPES = YES;
				CLANG_WARN_SUSPICIOUS_MOVE = YES;
				CLANG_WARN_UNGUARDED_AVAILABILITY = YES_AGGRESSIVE;
				CLANG_WARN_UNREACHABLE_CODE = YES;
				CLANG_WARN__DUPLICATE_METHOD_MATCH = YES;
				COPY_PHASE_STRIP = NO;
				DEBUG_INFORMATION_FORMAT = dwarf;
				ENABLE_STRICT_OBJC_MSGSEND = YES;
				ENABLE_TESTABILITY = YES;
				GCC_C_LANGUAGE_STANDARD = gnu11;
				GCC_DYNAMIC_NO_PIC = NO;
				GCC_NO_COMMON_BLOCKS = YES;
				GCC_OPTIMIZATION_LEVEL = 0;
				GCC_PREPROCESSOR_DEFINITIONS = (
					"DEBUG=1",
					"$(inherited)",
				);
				GCC_WARN_64_TO_32_BIT_CONVERSION = YES;
				GCC_WARN_ABOUT_RETURN_TYPE = YES_ERROR;
				GCC_WARN_UNDECLARED_SELECTOR = YES;
				GCC_WARN_UNINITIALIZED_AUTOS = YES_AGGRESSIVE;
				GCC_WARN_UNUSED_FUNCTION = YES;
				GCC_WARN_UNUSED_VARIABLE = YES;
				IPHONEOS_DEPLOYMENT_TARGET = 14.4;
				MTL_ENABLE_DEBUG_INFO = INCLUDE_SOURCE;
				MTL_FAST_MATH = YES;
				ONLY_ACTIVE_ARCH = YES;
				SDKROOT = iphoneos;
				SWIFT_ACTIVE_COMPILATION_CONDITIONS = DEBUG;
				SWIFT_OPTIMIZATION_LEVEL = "-Onone";
			};
			name = Debug;
		};
		3276BD9225DAC109007C4457 /* Release */ = {
			isa = XCBuildConfiguration;
			buildSettings = {
				ALWAYS_SEARCH_USER_PATHS = NO;
				CLANG_ANALYZER_NONNULL = YES;
				CLANG_ANALYZER_NUMBER_OBJECT_CONVERSION = YES_AGGRESSIVE;
				CLANG_CXX_LANGUAGE_STANDARD = "gnu++14";
				CLANG_CXX_LIBRARY = "libc++";
				CLANG_ENABLE_MODULES = YES;
				CLANG_ENABLE_OBJC_ARC = YES;
				CLANG_ENABLE_OBJC_WEAK = YES;
				CLANG_WARN_BLOCK_CAPTURE_AUTORELEASING = YES;
				CLANG_WARN_BOOL_CONVERSION = YES;
				CLANG_WARN_COMMA = YES;
				CLANG_WARN_CONSTANT_CONVERSION = YES;
				CLANG_WARN_DEPRECATED_OBJC_IMPLEMENTATIONS = YES;
				CLANG_WARN_DIRECT_OBJC_ISA_USAGE = YES_ERROR;
				CLANG_WARN_DOCUMENTATION_COMMENTS = YES;
				CLANG_WARN_EMPTY_BODY = YES;
				CLANG_WARN_ENUM_CONVERSION = YES;
				CLANG_WARN_INFINITE_RECURSION = YES;
				CLANG_WARN_INT_CONVERSION = YES;
				CLANG_WARN_NON_LITERAL_NULL_CONVERSION = YES;
				CLANG_WARN_OBJC_IMPLICIT_RETAIN_SELF = YES;
				CLANG_WARN_OBJC_LITERAL_CONVERSION = YES;
				CLANG_WARN_OBJC_ROOT_CLASS = YES_ERROR;
				CLANG_WARN_QUOTED_INCLUDE_IN_FRAMEWORK_HEADER = YES;
				CLANG_WARN_RANGE_LOOP_ANALYSIS = YES;
				CLANG_WARN_STRICT_PROTOTYPES = YES;
				CLANG_WARN_SUSPICIOUS_MOVE = YES;
				CLANG_WARN_UNGUARDED_AVAILABILITY = YES_AGGRESSIVE;
				CLANG_WARN_UNREACHABLE_CODE = YES;
				CLANG_WARN__DUPLICATE_METHOD_MATCH = YES;
				COPY_PHASE_STRIP = NO;
				DEBUG_INFORMATION_FORMAT = "dwarf-with-dsym";
				ENABLE_NS_ASSERTIONS = NO;
				ENABLE_STRICT_OBJC_MSGSEND = YES;
				GCC_C_LANGUAGE_STANDARD = gnu11;
				GCC_NO_COMMON_BLOCKS = YES;
				GCC_WARN_64_TO_32_BIT_CONVERSION = YES;
				GCC_WARN_ABOUT_RETURN_TYPE = YES_ERROR;
				GCC_WARN_UNDECLARED_SELECTOR = YES;
				GCC_WARN_UNINITIALIZED_AUTOS = YES_AGGRESSIVE;
				GCC_WARN_UNUSED_FUNCTION = YES;
				GCC_WARN_UNUSED_VARIABLE = YES;
				IPHONEOS_DEPLOYMENT_TARGET = 14.4;
				MTL_ENABLE_DEBUG_INFO = NO;
				MTL_FAST_MATH = YES;
				SDKROOT = iphoneos;
				SWIFT_COMPILATION_MODE = wholemodule;
				SWIFT_OPTIMIZATION_LEVEL = "-O";
				VALIDATE_PRODUCT = YES;
			};
			name = Release;
		};
		3276BD9425DAC109007C4457 /* Debug */ = {
			isa = XCBuildConfiguration;
			buildSettings = {
				ASSETCATALOG_COMPILER_APPICON_NAME = AppIcon;
				ASSETCATALOG_COMPILER_GLOBAL_ACCENT_COLOR_NAME = AccentColor;
				CODE_SIGN_STYLE = Automatic;
				DEVELOPMENT_ASSET_PATHS = "\"rew/Preview Content\"";
				ENABLE_PREVIEWS = YES;
				INFOPLIST_FILE = rew/Info.plist;
				IPHONEOS_DEPLOYMENT_TARGET = 14.0;
				LD_RUNPATH_SEARCH_PATHS = (
					"$(inherited)",
					"@executable_path/Frameworks",
				);
				PRODUCT_BUNDLE_IDENTIFIER = dima.rew;
				PRODUCT_NAME = "$(TARGET_NAME)";
				SWIFT_VERSION = 5.0;
				TARGETED_DEVICE_FAMILY = "1,2";
			};
			name = Debug;
		};
		3276BD9525DAC109007C4457 /* Release */ = {
			isa = XCBuildConfiguration;
			buildSettings = {
				ASSETCATALOG_COMPILER_APPICON_NAME = AppIcon;
				ASSETCATALOG_COMPILER_GLOBAL_ACCENT_COLOR_NAME = AccentColor;
				CODE_SIGN_STYLE = Automatic;
				DEVELOPMENT_ASSET_PATHS = "\"rew/Preview Content\"";
				ENABLE_PREVIEWS = YES;
				INFOPLIST_FILE = rew/Info.plist;
				IPHONEOS_DEPLOYMENT_TARGET = 14.0;
				LD_RUNPATH_SEARCH_PATHS = (
					"$(inherited)",
					"@executable_path/Frameworks",
				);
				PRODUCT_BUNDLE_IDENTIFIER = dima.rew;
				PRODUCT_NAME = "$(TARGET_NAME)";
				SWIFT_VERSION = 5.0;
				TARGETED_DEVICE_FAMILY = "1,2";
			};
			name = Release;
		};
		3276BD9725DAC109007C4457 /* Debug */ = {
			isa = XCBuildConfiguration;
			buildSettings = {
				ALWAYS_EMBED_SWIFT_STANDARD_LIBRARIES = YES;
				BUNDLE_LOADER = "$(TEST_HOST)";
				CODE_SIGN_STYLE = Automatic;
				INFOPLIST_FILE = rewTests/Info.plist;
				IPHONEOS_DEPLOYMENT_TARGET = 14.0;
				LD_RUNPATH_SEARCH_PATHS = (
					"$(inherited)",
					"@executable_path/Frameworks",
					"@loader_path/Frameworks",
				);
				PRODUCT_BUNDLE_IDENTIFIER = dima.rewTests;
				PRODUCT_NAME = "$(TARGET_NAME)";
				SWIFT_VERSION = 5.0;
				TARGETED_DEVICE_FAMILY = "1,2";
				TEST_HOST = "$(BUILT_PRODUCTS_DIR)/rew.app/rew";
			};
			name = Debug;
		};
		3276BD9825DAC109007C4457 /* Release */ = {
			isa = XCBuildConfiguration;
			buildSettings = {
				ALWAYS_EMBED_SWIFT_STANDARD_LIBRARIES = YES;
				BUNDLE_LOADER = "$(TEST_HOST)";
				CODE_SIGN_STYLE = Automatic;
				INFOPLIST_FILE = rewTests/Info.plist;
				IPHONEOS_DEPLOYMENT_TARGET = 14.0;
				LD_RUNPATH_SEARCH_PATHS = (
					"$(inherited)",
					"@executable_path/Frameworks",
					"@loader_path/Frameworks",
				);
				PRODUCT_BUNDLE_IDENTIFIER = dima.rewTests;
				PRODUCT_NAME = "$(TARGET_NAME)";
				SWIFT_VERSION = 5.0;
				TARGETED_DEVICE_FAMILY = "1,2";
				TEST_HOST = "$(BUILT_PRODUCTS_DIR)/rew.app/rew";
			};
			name = Release;
		};
		3276BD9A25DAC109007C4457 /* Debug */ = {
			isa = XCBuildConfiguration;
			buildSettings = {
				ALWAYS_EMBED_SWIFT_STANDARD_LIBRARIES = YES;
				CODE_SIGN_STYLE = Automatic;
				INFOPLIST_FILE = rewUITests/Info.plist;
				LD_RUNPATH_SEARCH_PATHS = (
					"$(inherited)",
					"@executable_path/Frameworks",
					"@loader_path/Frameworks",
				);
				PRODUCT_BUNDLE_IDENTIFIER = dima.rewUITests;
				PRODUCT_NAME = "$(TARGET_NAME)";
				SWIFT_VERSION = 5.0;
				TARGETED_DEVICE_FAMILY = "1,2";
				TEST_TARGET_NAME = rew;
			};
			name = Debug;
		};
		3276BD9B25DAC109007C4457 /* Release */ = {
			isa = XCBuildConfiguration;
			buildSettings = {
				ALWAYS_EMBED_SWIFT_STANDARD_LIBRARIES = YES;
				CODE_SIGN_STYLE = Automatic;
				INFOPLIST_FILE = rewUITests/Info.plist;
				LD_RUNPATH_SEARCH_PATHS = (
					"$(inherited)",
					"@executable_path/Frameworks",
					"@loader_path/Frameworks",
				);
				PRODUCT_BUNDLE_IDENTIFIER = dima.rewUITests;
				PRODUCT_NAME = "$(TARGET_NAME)";
				SWIFT_VERSION = 5.0;
				TARGETED_DEVICE_FAMILY = "1,2";
				TEST_TARGET_NAME = rew;
			};
			name = Release;
		};
/* End XCBuildConfiguration section */

/* Begin XCConfigurationList section */
		3276BD6925DAC106007C4457 /* Build configuration list for PBXProject "rew" */ = {
			isa = XCConfigurationList;
			buildConfigurations = (
				3276BD9125DAC109007C4457 /* Debug */,
				3276BD9225DAC109007C4457 /* Release */,
			);
			defaultConfigurationIsVisible = 0;
			defaultConfigurationName = Release;
		};
		3276BD9325DAC109007C4457 /* Build configuration list for PBXNativeTarget "rew" */ = {
			isa = XCConfigurationList;
			buildConfigurations = (
				3276BD9425DAC109007C4457 /* Debug */,
				3276BD9525DAC109007C4457 /* Release */,
			);
			defaultConfigurationIsVisible = 0;
			defaultConfigurationName = Release;
		};
		3276BD9625DAC109007C4457 /* Build configuration list for PBXNativeTarget "rewTests" */ = {
			isa = XCConfigurationList;
			buildConfigurations = (
				3276BD9725DAC109007C4457 /* Debug */,
				3276BD9825DAC109007C4457 /* Release */,
			);
			defaultConfigurationIsVisible = 0;
			defaultConfigurationName = Release;
		};
		3276BD9925DAC109007C4457 /* Build configuration list for PBXNativeTarget "rewUITests" */ = {
			isa = XCConfigurationList;
			buildConfigurations = (
				3276BD9A25DAC109007C4457 /* Debug */,
				3276BD9B25DAC109007C4457 /* Release */,
			);
			defaultConfigurationIsVisible = 0;
			defaultConfigurationName = Release;
		};
/* End XCConfigurationList section */
	};
	rootObject = 3276BD6625DAC106007C4457 /* Project object */;
}
